
Microsoft Visual Studio Solution File, Format Version 12.00
# Visual Studio Version 16
VisualStudioVersion = 16.0.31624.102
MinimumVisualStudioVersion = 10.0.40219.1
Project("{FAE04EC0-301F-11D3-BF4B-00C04F79EFBC}") = "BargainTweaks", "BargainTweaks\BargainTweaks.csproj", "{1840459F-A7E4-40F5-94B0-3A41E2DCA81B}"
EndProject
Global
	GlobalSection(SolutionConfigurationPlatforms) = preSolution
		Release|Any CPU = Release|Any CPU
	EndGlobalSection
	GlobalSection(ProjectConfigurationPlatforms) = postSolution
		{1840459F-A7E4-40F5-94B0-3A41E2DCA81B}.Release|Any CPU.ActiveCfg = Release|Any CPU
		{1840459F-A7E4-40F5-94B0-3A41E2DCA81B}.Release|Any CPU.Build.0 = Release|Any CPU
	EndGlobalSection
	GlobalSection(SolutionProperties) = preSolution
		HideSolutionNode = FALSE
	EndGlobalSection
	GlobalSection(ExtensibilityGlobals) = postSolution
		SolutionGuid = {B5C1B98E-5528-4819-8EC4-17ECDD0CA9C5}
	EndGlobalSection
EndGlobal
